// !$*UTF8*$!
{
	archiveVersion = 1;
	classes = {
	};
	objectVersion = 56;
	objects = {

/* Begin PBXBuildFile section */
		BD6638CB2B9F1E3C00512AB2 /* item.swift in Sources */ = {isa = PBXBuildFile; fileRef = BD6638CA2B9F1E3C00512AB2 /* item.swift */; };
		BDAE6CFF2BA035640036F044 /* LondrinaSolid-Black.ttf in Resources */ = {isa = PBXBuildFile; fileRef = BDAE6CE72BA0353F0036F044 /* LondrinaSolid-Black.ttf */; };
		BDAE6D002BA035640036F044 /* Metropolis-Bold.otf in Resources */ = {isa = PBXBuildFile; fileRef = BDAE6CE82BA0353F0036F044 /* Metropolis-Bold.otf */; };
		BDAE6D012BA035640036F044 /* SIL Open Font License.txt in Resources */ = {isa = PBXBuildFile; fileRef = BDAE6CE92BA0353F0036F044 /* SIL Open Font License.txt */; };
		BDAE6D022BA035640036F044 /* LondrinaSolid-Regular.ttf in Resources */ = {isa = PBXBuildFile; fileRef = BDAE6CEA2BA0353F0036F044 /* LondrinaSolid-Regular.ttf */; };
		BDAE6D032BA035640036F044 /* LondrinaSolid-Thin.ttf in Resources */ = {isa = PBXBuildFile; fileRef = BDAE6CEB2BA0353F0036F044 /* LondrinaSolid-Thin.ttf */; };
		BDAE6D042BA035640036F044 /* Metropolis-Thin.otf in Resources */ = {isa = PBXBuildFile; fileRef = BDAE6CEC2BA0353F0036F044 /* Metropolis-Thin.otf */; };
		BDAE6D052BA035640036F044 /* Metropolis-RegularItalic.otf in Resources */ = {isa = PBXBuildFile; fileRef = BDAE6CED2BA0353F0036F044 /* Metropolis-RegularItalic.otf */; };
		BDAE6D062BA035640036F044 /* Metropolis-ExtraBold.otf in Resources */ = {isa = PBXBuildFile; fileRef = BDAE6CEE2BA0353F0036F044 /* Metropolis-ExtraBold.otf */; };
		BDAE6D072BA035640036F044 /* Metropolis-SemiBoldItalic.otf in Resources */ = {isa = PBXBuildFile; fileRef = BDAE6CEF2BA0353F0036F044 /* Metropolis-SemiBoldItalic.otf */; };
		BDAE6D082BA035640036F044 /* Metropolis-Light.otf in Resources */ = {isa = PBXBuildFile; fileRef = BDAE6CF02BA0353F0036F044 /* Metropolis-Light.otf */; };
		BDAE6D092BA035640036F044 /* Metropolis-Regular.otf in Resources */ = {isa = PBXBuildFile; fileRef = BDAE6CF12BA0353F0036F044 /* Metropolis-Regular.otf */; };
		BDAE6D0A2BA035640036F044 /* Metropolis-Black.otf in Resources */ = {isa = PBXBuildFile; fileRef = BDAE6CF22BA0353F0036F044 /* Metropolis-Black.otf */; };
		BDAE6D0B2BA035640036F044 /* Metropolis-ExtraLightItalic.otf in Resources */ = {isa = PBXBuildFile; fileRef = BDAE6CF32BA0353F0036F044 /* Metropolis-ExtraLightItalic.otf */; };
		BDAE6D0C2BA035640036F044 /* OFL.txt in Resources */ = {isa = PBXBuildFile; fileRef = BDAE6CF42BA0353F0036F044 /* OFL.txt */; };
		BDAE6D0D2BA035640036F044 /* Metropolis-Medium.otf in Resources */ = {isa = PBXBuildFile; fileRef = BDAE6CF52BA0353F0036F044 /* Metropolis-Medium.otf */; };
		BDAE6D0E2BA035640036F044 /* Metropolis-BlackItalic.otf in Resources */ = {isa = PBXBuildFile; fileRef = BDAE6CF62BA0353F0036F044 /* Metropolis-BlackItalic.otf */; };
		BDAE6D0F2BA035640036F044 /* Metropolis-ThinItalic.otf in Resources */ = {isa = PBXBuildFile; fileRef = BDAE6CF72BA0353F0036F044 /* Metropolis-ThinItalic.otf */; };
		BDAE6D102BA035640036F044 /* Metropolis-ExtraLight.otf in Resources */ = {isa = PBXBuildFile; fileRef = BDAE6CF82BA0353F0036F044 /* Metropolis-ExtraLight.otf */; };
		BDAE6D112BA035640036F044 /* Metropolis-MediumItalic.otf in Resources */ = {isa = PBXBuildFile; fileRef = BDAE6CF92BA0353F0036F044 /* Metropolis-MediumItalic.otf */; };
		BDAE6D122BA035640036F044 /* Metropolis-LightItalic.otf in Resources */ = {isa = PBXBuildFile; fileRef = BDAE6CFA2BA0353F0036F044 /* Metropolis-LightItalic.otf */; };
		BDAE6D132BA035640036F044 /* Metropolis-SemiBold.otf in Resources */ = {isa = PBXBuildFile; fileRef = BDAE6CFB2BA0353F0036F044 /* Metropolis-SemiBold.otf */; };
		BDAE6D142BA035640036F044 /* Metropolis-BoldItalic.otf in Resources */ = {isa = PBXBuildFile; fileRef = BDAE6CFC2BA0353F0036F044 /* Metropolis-BoldItalic.otf */; };
		BDAE6D152BA035640036F044 /* LondrinaSolid-Light.ttf in Resources */ = {isa = PBXBuildFile; fileRef = BDAE6CFD2BA0353F0036F044 /* LondrinaSolid-Light.ttf */; };
		BDAE6D162BA035640036F044 /* Metropolis-ExtraBoldItalic.otf in Resources */ = {isa = PBXBuildFile; fileRef = BDAE6CFE2BA0353F0036F044 /* Metropolis-ExtraBoldItalic.otf */; };
		BDCCF92D2B9ED4E1001EFB84 /* data.json in Resources */ = {isa = PBXBuildFile; fileRef = BDCCF92C2B9ED4E1001EFB84 /* data.json */; };
		BDEE92B12B9B0BF10048271C /* AppDelegate.swift in Sources */ = {isa = PBXBuildFile; fileRef = BDEE92B02B9B0BF10048271C /* AppDelegate.swift */; };
		BDEE92B32B9B0BF10048271C /* SceneDelegate.swift in Sources */ = {isa = PBXBuildFile; fileRef = BDEE92B22B9B0BF10048271C /* SceneDelegate.swift */; };
		BDEE92B52B9B0BF10048271C /* ViewController.swift in Sources */ = {isa = PBXBuildFile; fileRef = BDEE92B42B9B0BF10048271C /* ViewController.swift */; };
		BDEE92B82B9B0BF10048271C /* Main.storyboard in Resources */ = {isa = PBXBuildFile; fileRef = BDEE92B62B9B0BF10048271C /* Main.storyboard */; };
		BDEE92BA2B9B0BF20048271C /* Assets.xcassets in Resources */ = {isa = PBXBuildFile; fileRef = BDEE92B92B9B0BF20048271C /* Assets.xcassets */; };
		BDEE92BD2B9B0BF20048271C /* LaunchScreen.storyboard in Resources */ = {isa = PBXBuildFile; fileRef = BDEE92BB2B9B0BF20048271C /* LaunchScreen.storyboard */; };
		BDEE92D12B9B1DD40048271C /* CustomCellTableViewCell.swift in Sources */ = {isa = PBXBuildFile; fileRef = BDEE92CF2B9B1DD40048271C /* CustomCellTableViewCell.swift */; };
		BDEE92D22B9B1DD40048271C /* CustomCellTableViewCell.xib in Resources */ = {isa = PBXBuildFile; fileRef = BDEE92D02B9B1DD40048271C /* CustomCellTableViewCell.xib */; };
/* End PBXBuildFile section */

/* Begin PBXFileReference section */
		BD6638CA2B9F1E3C00512AB2 /* item.swift */ = {isa = PBXFileReference; lastKnownFileType = sourcecode.swift; path = item.swift; sourceTree = "<group>"; };
		BDAE6CE72BA0353F0036F044 /* LondrinaSolid-Black.ttf */ = {isa = PBXFileReference; lastKnownFileType = file; path = "LondrinaSolid-Black.ttf"; sourceTree = "<group>"; };
		BDAE6CE82BA0353F0036F044 /* Metropolis-Bold.otf */ = {isa = PBXFileReference; lastKnownFileType = file; path = "Metropolis-Bold.otf"; sourceTree = "<group>"; };
		BDAE6CE92BA0353F0036F044 /* SIL Open Font License.txt */ = {isa = PBXFileReference; lastKnownFileType = text; path = "SIL Open Font License.txt"; sourceTree = "<group>"; };
		BDAE6CEA2BA0353F0036F044 /* LondrinaSolid-Regular.ttf */ = {isa = PBXFileReference; lastKnownFileType = file; path = "LondrinaSolid-Regular.ttf"; sourceTree = "<group>"; };
		BDAE6CEB2BA0353F0036F044 /* LondrinaSolid-Thin.ttf */ = {isa = PBXFileReference; lastKnownFileType = file; path = "LondrinaSolid-Thin.ttf"; sourceTree = "<group>"; };
		BDAE6CEC2BA0353F0036F044 /* Metropolis-Thin.otf */ = {isa = PBXFileReference; lastKnownFileType = file; path = "Metropolis-Thin.otf"; sourceTree = "<group>"; };
		BDAE6CED2BA0353F0036F044 /* Metropolis-RegularItalic.otf */ = {isa = PBXFileReference; lastKnownFileType = file; path = "Metropolis-RegularItalic.otf"; sourceTree = "<group>"; };
		BDAE6CEE2BA0353F0036F044 /* Metropolis-ExtraBold.otf */ = {isa = PBXFileReference; lastKnownFileType = file; path = "Metropolis-ExtraBold.otf"; sourceTree = "<group>"; };
		BDAE6CEF2BA0353F0036F044 /* Metropolis-SemiBoldItalic.otf */ = {isa = PBXFileReference; lastKnownFileType = file; path = "Metropolis-SemiBoldItalic.otf"; sourceTree = "<group>"; };
		BDAE6CF02BA0353F0036F044 /* Metropolis-Light.otf */ = {isa = PBXFileReference; lastKnownFileType = file; path = "Metropolis-Light.otf"; sourceTree = "<group>"; };
		BDAE6CF12BA0353F0036F044 /* Metropolis-Regular.otf */ = {isa = PBXFileReference; lastKnownFileType = file; path = "Metropolis-Regular.otf"; sourceTree = "<group>"; };
		BDAE6CF22BA0353F0036F044 /* Metropolis-Black.otf */ = {isa = PBXFileReference; lastKnownFileType = file; path = "Metropolis-Black.otf"; sourceTree = "<group>"; };
		BDAE6CF32BA0353F0036F044 /* Metropolis-ExtraLightItalic.otf */ = {isa = PBXFileReference; lastKnownFileType = file; path = "Metropolis-ExtraLightItalic.otf"; sourceTree = "<group>"; };
		BDAE6CF42BA0353F0036F044 /* OFL.txt */ = {isa = PBXFileReference; lastKnownFileType = text; path = OFL.txt; sourceTree = "<group>"; };
		BDAE6CF52BA0353F0036F044 /* Metropolis-Medium.otf */ = {isa = PBXFileReference; lastKnownFileType = file; path = "Metropolis-Medium.otf"; sourceTree = "<group>"; };
		BDAE6CF62BA0353F0036F044 /* Metropolis-BlackItalic.otf */ = {isa = PBXFileReference; lastKnownFileType = file; path = "Metropolis-BlackItalic.otf"; sourceTree = "<group>"; };
		BDAE6CF72BA0353F0036F044 /* Metropolis-ThinItalic.otf */ = {isa = PBXFileReference; lastKnownFileType = file; path = "Metropolis-ThinItalic.otf"; sourceTree = "<group>"; };
		BDAE6CF82BA0353F0036F044 /* Metropolis-ExtraLight.otf */ = {isa = PBXFileReference; lastKnownFileType = file; path = "Metropolis-ExtraLight.otf"; sourceTree = "<group>"; };
		BDAE6CF92BA0353F0036F044 /* Metropolis-MediumItalic.otf */ = {isa = PBXFileReference; lastKnownFileType = file; path = "Metropolis-MediumItalic.otf"; sourceTree = "<group>"; };
		BDAE6CFA2BA0353F0036F044 /* Metropolis-LightItalic.otf */ = {isa = PBXFileReference; lastKnownFileType = file; path = "Metropolis-LightItalic.otf"; sourceTree = "<group>"; };
		BDAE6CFB2BA0353F0036F044 /* Metropolis-SemiBold.otf */ = {isa = PBXFileReference; lastKnownFileType = file; path = "Metropolis-SemiBold.otf"; sourceTree = "<group>"; };
		BDAE6CFC2BA0353F0036F044 /* Metropolis-BoldItalic.otf */ = {isa = PBXFileReference; lastKnownFileType = file; path = "Metropolis-BoldItalic.otf"; sourceTree = "<group>"; };
		BDAE6CFD2BA0353F0036F044 /* LondrinaSolid-Light.ttf */ = {isa = PBXFileReference; lastKnownFileType = file; path = "LondrinaSolid-Light.ttf"; sourceTree = "<group>"; };
		BDAE6CFE2BA0353F0036F044 /* Metropolis-ExtraBoldItalic.otf */ = {isa = PBXFileReference; lastKnownFileType = file; path = "Metropolis-ExtraBoldItalic.otf"; sourceTree = "<group>"; };
		BDCCF92C2B9ED4E1001EFB84 /* data.json */ = {isa = PBXFileReference; lastKnownFileType = text.json; path = data.json; sourceTree = "<group>"; };
		BDEE92AD2B9B0BF10048271C /* discoveriesTask-Priyanshu.app */ = {isa = PBXFileReference; explicitFileType = wrapper.application; includeInIndex = 0; path = "discoveriesTask-Priyanshu.app"; sourceTree = BUILT_PRODUCTS_DIR; };
		BDEE92B02B9B0BF10048271C /* AppDelegate.swift */ = {isa = PBXFileReference; lastKnownFileType = sourcecode.swift; path = AppDelegate.swift; sourceTree = "<group>"; };
		BDEE92B22B9B0BF10048271C /* SceneDelegate.swift */ = {isa = PBXFileReference; lastKnownFileType = sourcecode.swift; path = SceneDelegate.swift; sourceTree = "<group>"; };
		BDEE92B42B9B0BF10048271C /* ViewController.swift */ = {isa = PBXFileReference; lastKnownFileType = sourcecode.swift; path = ViewController.swift; sourceTree = "<group>"; };
		BDEE92B72B9B0BF10048271C /* Base */ = {isa = PBXFileReference; lastKnownFileType = file.storyboard; name = Base; path = Base.lproj/Main.storyboard; sourceTree = "<group>"; };
		BDEE92B92B9B0BF20048271C /* Assets.xcassets */ = {isa = PBXFileReference; lastKnownFileType = folder.assetcatalog; path = Assets.xcassets; sourceTree = "<group>"; };
		BDEE92BC2B9B0BF20048271C /* Base */ = {isa = PBXFileReference; lastKnownFileType = file.storyboard; name = Base; path = Base.lproj/LaunchScreen.storyboard; sourceTree = "<group>"; };
		BDEE92BE2B9B0BF20048271C /* Info.plist */ = {isa = PBXFileReference; lastKnownFileType = text.plist.xml; path = Info.plist; sourceTree = "<group>"; };
		BDEE92CF2B9B1DD40048271C /* CustomCellTableViewCell.swift */ = {isa = PBXFileReference; lastKnownFileType = sourcecode.swift; path = CustomCellTableViewCell.swift; sourceTree = "<group>"; };
		BDEE92D02B9B1DD40048271C /* CustomCellTableViewCell.xib */ = {isa = PBXFileReference; lastKnownFileType = file.xib; path = CustomCellTableViewCell.xib; sourceTree = "<group>"; };
/* End PBXFileReference section */

/* Begin PBXFrameworksBuildPhase section */
		BDEE92AA2B9B0BF10048271C /* Frameworks */ = {
			isa = PBXFrameworksBuildPhase;
			buildActionMask = 2147483647;
			files = (
			);
			runOnlyForDeploymentPostprocessing = 0;
		};
/* End PBXFrameworksBuildPhase section */

/* Begin PBXGroup section */
		BD6638C72B9F1DDB00512AB2 /* Model */ = {
			isa = PBXGroup;
			children = (
				BD6638CA2B9F1E3C00512AB2 /* item.swift */,
				BDCCF92C2B9ED4E1001EFB84 /* data.json */,
			);
			path = Model;
			sourceTree = "<group>";
		};
		BD6638C82B9F1DEB00512AB2 /* View */ = {
			isa = PBXGroup;
			children = (
				BDEE92D02B9B1DD40048271C /* CustomCellTableViewCell.xib */,
				BDEE92B62B9B0BF10048271C /* Main.storyboard */,
			);
			path = View;
			sourceTree = "<group>";
		};
		BD6638C92B9F1DF000512AB2 /* Controller */ = {
			isa = PBXGroup;
			children = (
				BDEE92B42B9B0BF10048271C /* ViewController.swift */,
				BDEE92CF2B9B1DD40048271C /* CustomCellTableViewCell.swift */,
			);
			path = Controller;
			sourceTree = "<group>";
		};
		BDAE6CE62BA0353F0036F044 /* fonts */ = {
			isa = PBXGroup;
			children = (
				BDAE6CE72BA0353F0036F044 /* LondrinaSolid-Black.ttf */,
				BDAE6CE82BA0353F0036F044 /* Metropolis-Bold.otf */,
				BDAE6CE92BA0353F0036F044 /* SIL Open Font License.txt */,
				BDAE6CEA2BA0353F0036F044 /* LondrinaSolid-Regular.ttf */,
				BDAE6CEB2BA0353F0036F044 /* LondrinaSolid-Thin.ttf */,
				BDAE6CEC2BA0353F0036F044 /* Metropolis-Thin.otf */,
				BDAE6CED2BA0353F0036F044 /* Metropolis-RegularItalic.otf */,
				BDAE6CEE2BA0353F0036F044 /* Metropolis-ExtraBold.otf */,
				BDAE6CEF2BA0353F0036F044 /* Metropolis-SemiBoldItalic.otf */,
				BDAE6CF02BA0353F0036F044 /* Metropolis-Light.otf */,
				BDAE6CF12BA0353F0036F044 /* Metropolis-Regular.otf */,
				BDAE6CF22BA0353F0036F044 /* Metropolis-Black.otf */,
				BDAE6CF32BA0353F0036F044 /* Metropolis-ExtraLightItalic.otf */,
				BDAE6CF42BA0353F0036F044 /* OFL.txt */,
				BDAE6CF52BA0353F0036F044 /* Metropolis-Medium.otf */,
				BDAE6CF62BA0353F0036F044 /* Metropolis-BlackItalic.otf */,
				BDAE6CF72BA0353F0036F044 /* Metropolis-ThinItalic.otf */,
				BDAE6CF82BA0353F0036F044 /* Metropolis-ExtraLight.otf */,
				BDAE6CF92BA0353F0036F044 /* Metropolis-MediumItalic.otf */,
				BDAE6CFA2BA0353F0036F044 /* Metropolis-LightItalic.otf */,
				BDAE6CFB2BA0353F0036F044 /* Metropolis-SemiBold.otf */,
				BDAE6CFC2BA0353F0036F044 /* Metropolis-BoldItalic.otf */,
				BDAE6CFD2BA0353F0036F044 /* LondrinaSolid-Light.ttf */,
				BDAE6CFE2BA0353F0036F044 /* Metropolis-ExtraBoldItalic.otf */,
			);
			path = fonts;
			sourceTree = "<group>";
		};
		BDEE92A42B9B0BF10048271C = {
			isa = PBXGroup;
			children = (
				BDEE92AF2B9B0BF10048271C /* discoveriesTask-Priyanshu */,
				BDEE92AE2B9B0BF10048271C /* Products */,
			);
			sourceTree = "<group>";
		};
		BDEE92AE2B9B0BF10048271C /* Products */ = {
			isa = PBXGroup;
			children = (
				BDEE92AD2B9B0BF10048271C /* discoveriesTask-Priyanshu.app */,
			);
			name = Products;
			sourceTree = "<group>";
		};
		BDEE92AF2B9B0BF10048271C /* discoveriesTask-Priyanshu */ = {
			isa = PBXGroup;
			children = (
				BD6638C72B9F1DDB00512AB2 /* Model */,
				BD6638C82B9F1DEB00512AB2 /* View */,
				BD6638C92B9F1DF000512AB2 /* Controller */,
				BDAE6CE62BA0353F0036F044 /* fonts */,
				BDEE92B02B9B0BF10048271C /* AppDelegate.swift */,
				BDEE92B22B9B0BF10048271C /* SceneDelegate.swift */,
				BDEE92B92B9B0BF20048271C /* Assets.xcassets */,
				BDEE92BB2B9B0BF20048271C /* LaunchScreen.storyboard */,
				BDEE92BE2B9B0BF20048271C /* Info.plist */,
			);
			path = "discoveriesTask-Priyanshu";
			sourceTree = "<group>";
		};
/* End PBXGroup section */

/* Begin PBXNativeTarget section */
		BDEE92AC2B9B0BF10048271C /* discoveriesTask-Priyanshu */ = {
			isa = PBXNativeTarget;
			buildConfigurationList = BDEE92C12B9B0BF20048271C /* Build configuration list for PBXNativeTarget "discoveriesTask-Priyanshu" */;
			buildPhases = (
				BDEE92A92B9B0BF10048271C /* Sources */,
				BDEE92AA2B9B0BF10048271C /* Frameworks */,
				BDEE92AB2B9B0BF10048271C /* Resources */,
			);
			buildRules = (
			);
			dependencies = (
			);
			name = "discoveriesTask-Priyanshu";
			productName = "discoveriesTask-Priyanshu";
			productReference = BDEE92AD2B9B0BF10048271C /* discoveriesTask-Priyanshu.app */;
			productType = "com.apple.product-type.application";
		};
/* End PBXNativeTarget section */

/* Begin PBXProject section */
		BDEE92A52B9B0BF10048271C /* Project object */ = {
			isa = PBXProject;
			attributes = {
				BuildIndependentTargetsInParallel = 1;
				LastSwiftUpdateCheck = 1520;
				LastUpgradeCheck = 1520;
				TargetAttributes = {
					BDEE92AC2B9B0BF10048271C = {
						CreatedOnToolsVersion = 15.2;
					};
				};
			};
			buildConfigurationList = BDEE92A82B9B0BF10048271C /* Build configuration list for PBXProject "discoveriesTask-Priyanshu" */;
			compatibilityVersion = "Xcode 14.0";
			developmentRegion = en;
			hasScannedForEncodings = 0;
			knownRegions = (
				en,
				Base,
			);
			mainGroup = BDEE92A42B9B0BF10048271C;
			productRefGroup = BDEE92AE2B9B0BF10048271C /* Products */;
			projectDirPath = "";
			projectRoot = "";
			targets = (
				BDEE92AC2B9B0BF10048271C /* discoveriesTask-Priyanshu */,
			);
		};
/* End PBXProject section */

/* Begin PBXResourcesBuildPhase section */
		BDEE92AB2B9B0BF10048271C /* Resources */ = {
			isa = PBXResourcesBuildPhase;
			buildActionMask = 2147483647;
			files = (
				BDAE6CFF2BA035640036F044 /* LondrinaSolid-Black.ttf in Resources */,
				BDAE6D002BA035640036F044 /* Metropolis-Bold.otf in Resources */,
				BDAE6D012BA035640036F044 /* SIL Open Font License.txt in Resources */,
				BDAE6D022BA035640036F044 /* LondrinaSolid-Regular.ttf in Resources */,
				BDAE6D032BA035640036F044 /* LondrinaSolid-Thin.ttf in Resources */,
				BDAE6D042BA035640036F044 /* Metropolis-Thin.otf in Resources */,
				BDAE6D052BA035640036F044 /* Metropolis-RegularItalic.otf in Resources */,
				BDAE6D062BA035640036F044 /* Metropolis-ExtraBold.otf in Resources */,
				BDAE6D072BA035640036F044 /* Metropolis-SemiBoldItalic.otf in Resources */,
				BDAE6D082BA035640036F044 /* Metropolis-Light.otf in Resources */,
				BDAE6D092BA035640036F044 /* Metropolis-Regular.otf in Resources */,
				BDAE6D0A2BA035640036F044 /* Metropolis-Black.otf in Resources */,
				BDAE6D0B2BA035640036F044 /* Metropolis-ExtraLightItalic.otf in Resources */,
				BDAE6D0C2BA035640036F044 /* OFL.txt in Resources */,
				BDAE6D0D2BA035640036F044 /* Metropolis-Medium.otf in Resources */,
				BDAE6D0E2BA035640036F044 /* Metropolis-BlackItalic.otf in Resources */,
				BDAE6D0F2BA035640036F044 /* Metropolis-ThinItalic.otf in Resources */,
				BDAE6D102BA035640036F044 /* Metropolis-ExtraLight.otf in Resources */,
				BDAE6D112BA035640036F044 /* Metropolis-MediumItalic.otf in Resources */,
				BDAE6D122BA035640036F044 /* Metropolis-LightItalic.otf in Resources */,
				BDAE6D132BA035640036F044 /* Metropolis-SemiBold.otf in Resources */,
				BDAE6D142BA035640036F044 /* Metropolis-BoldItalic.otf in Resources */,
				BDAE6D152BA035640036F044 /* LondrinaSolid-Light.ttf in Resources */,
				BDAE6D162BA035640036F044 /* Metropolis-ExtraBoldItalic.otf in Resources */,
				BDEE92D22B9B1DD40048271C /* CustomCellTableViewCell.xib in Resources */,
				BDEE92BD2B9B0BF20048271C /* LaunchScreen.storyboard in Resources */,
				BDCCF92D2B9ED4E1001EFB84 /* data.json in Resources */,
				BDEE92BA2B9B0BF20048271C /* Assets.xcassets in Resources */,
				BDEE92B82B9B0BF10048271C /* Main.storyboard in Resources */,
			);
			runOnlyForDeploymentPostprocessing = 0;
		};
/* End PBXResourcesBuildPhase section */

/* Begin PBXSourcesBuildPhase section */
		BDEE92A92B9B0BF10048271C /* Sources */ = {
			isa = PBXSourcesBuildPhase;
			buildActionMask = 2147483647;
			files = (
				BDEE92B52B9B0BF10048271C /* ViewController.swift in Sources */,
				BDEE92B12B9B0BF10048271C /* AppDelegate.swift in Sources */,
				BDEE92D12B9B1DD40048271C /* CustomCellTableViewCell.swift in Sources */,
				BD6638CB2B9F1E3C00512AB2 /* item.swift in Sources */,
				BDEE92B32B9B0BF10048271C /* SceneDelegate.swift in Sources */,
			);
			runOnlyForDeploymentPostprocessing = 0;
		};
/* End PBXSourcesBuildPhase section */

/* Begin PBXVariantGroup section */
		BDEE92B62B9B0BF10048271C /* Main.storyboard */ = {
			isa = PBXVariantGroup;
			children = (
				BDEE92B72B9B0BF10048271C /* Base */,
			);
			name = Main.storyboard;
			sourceTree = "<group>";
		};
		BDEE92BB2B9B0BF20048271C /* LaunchScreen.storyboard */ = {
			isa = PBXVariantGroup;
			children = (
				BDEE92BC2B9B0BF20048271C /* Base */,
			);
			name = LaunchScreen.storyboard;
			sourceTree = "<group>";
		};
/* End PBXVariantGroup section */

/* Begin XCBuildConfiguration section */
		BDEE92BF2B9B0BF20048271C /* Debug */ = {
			isa = XCBuildConfiguration;
			buildSettings = {
				ALWAYS_SEARCH_USER_PATHS = NO;
				ASSETCATALOG_COMPILER_GENERATE_SWIFT_ASSET_SYMBOL_EXTENSIONS = YES;
				CLANG_ANALYZER_NONNULL = YES;
				CLANG_ANALYZER_NUMBER_OBJECT_CONVERSION = YES_AGGRESSIVE;
				CLANG_CXX_LANGUAGE_STANDARD = "gnu++20";
				CLANG_ENABLE_MODULES = YES;
				CLANG_ENABLE_OBJC_ARC = YES;
				CLANG_ENABLE_OBJC_WEAK = YES;
				CLANG_WARN_BLOCK_CAPTURE_AUTORELEASING = YES;
				CLANG_WARN_BOOL_CONVERSION = YES;
				CLANG_WARN_COMMA = YES;
				CLANG_WARN_CONSTANT_CONVERSION = YES;
				CLANG_WARN_DEPRECATED_OBJC_IMPLEMENTATIONS = YES;
				CLANG_WARN_DIRECT_OBJC_ISA_USAGE = YES_ERROR;
				CLANG_WARN_DOCUMENTATION_COMMENTS = YES;
				CLANG_WARN_EMPTY_BODY = YES;
				CLANG_WARN_ENUM_CONVERSION = YES;
				CLANG_WARN_INFINITE_RECURSION = YES;
				CLANG_WARN_INT_CONVERSION = YES;
				CLANG_WARN_NON_LITERAL_NULL_CONVERSION = YES;
				CLANG_WARN_OBJC_IMPLICIT_RETAIN_SELF = YES;
				CLANG_WARN_OBJC_LITERAL_CONVERSION = YES;
				CLANG_WARN_OBJC_ROOT_CLASS = YES_ERROR;
				CLANG_WARN_QUOTED_INCLUDE_IN_FRAMEWORK_HEADER = YES;
				CLANG_WARN_RANGE_LOOP_ANALYSIS = YES;
				CLANG_WARN_STRICT_PROTOTYPES = YES;
				CLANG_WARN_SUSPICIOUS_MOVE = YES;
				CLANG_WARN_UNGUARDED_AVAILABILITY = YES_AGGRESSIVE;
				CLANG_WARN_UNREACHABLE_CODE = YES;
				CLANG_WARN__DUPLICATE_METHOD_MATCH = YES;
				COPY_PHASE_STRIP = NO;
				DEBUG_INFORMATION_FORMAT = dwarf;
				ENABLE_STRICT_OBJC_MSGSEND = YES;
				ENABLE_TESTABILITY = YES;
				ENABLE_USER_SCRIPT_SANDBOXING = YES;
				GCC_C_LANGUAGE_STANDARD = gnu17;
				GCC_DYNAMIC_NO_PIC = NO;
				GCC_NO_COMMON_BLOCKS = YES;
				GCC_OPTIMIZATION_LEVEL = 0;
				GCC_PREPROCESSOR_DEFINITIONS = (
					"DEBUG=1",
					"$(inherited)",
				);
				GCC_WARN_64_TO_32_BIT_CONVERSION = YES;
				GCC_WARN_ABOUT_RETURN_TYPE = YES_ERROR;
				GCC_WARN_UNDECLARED_SELECTOR = YES;
				GCC_WARN_UNINITIALIZED_AUTOS = YES_AGGRESSIVE;
				GCC_WARN_UNUSED_FUNCTION = YES;
				GCC_WARN_UNUSED_VARIABLE = YES;
				IPHONEOS_DEPLOYMENT_TARGET = 17.2;
				LOCALIZATION_PREFERS_STRING_CATALOGS = YES;
				MTL_ENABLE_DEBUG_INFO = INCLUDE_SOURCE;
				MTL_FAST_MATH = YES;
				ONLY_ACTIVE_ARCH = YES;
				SDKROOT = iphoneos;
				SWIFT_ACTIVE_COMPILATION_CONDITIONS = "DEBUG $(inherited)";
				SWIFT_OPTIMIZATION_LEVEL = "-Onone";
			};
			name = Debug;
		};
		BDEE92C02B9B0BF20048271C /* Release */ = {
			isa = XCBuildConfiguration;
			buildSettings = {
				ALWAYS_SEARCH_USER_PATHS = NO;
				ASSETCATALOG_COMPILER_GENERATE_SWIFT_ASSET_SYMBOL_EXTENSIONS = YES;
				CLANG_ANALYZER_NONNULL = YES;
				CLANG_ANALYZER_NUMBER_OBJECT_CONVERSION = YES_AGGRESSIVE;
				CLANG_CXX_LANGUAGE_STANDARD = "gnu++20";
				CLANG_ENABLE_MODULES = YES;
				CLANG_ENABLE_OBJC_ARC = YES;
				CLANG_ENABLE_OBJC_WEAK = YES;
				CLANG_WARN_BLOCK_CAPTURE_AUTORELEASING = YES;
				CLANG_WARN_BOOL_CONVERSION = YES;
				CLANG_WARN_COMMA = YES;
				CLANG_WARN_CONSTANT_CONVERSION = YES;
				CLANG_WARN_DEPRECATED_OBJC_IMPLEMENTATIONS = YES;
				CLANG_WARN_DIRECT_OBJC_ISA_USAGE = YES_ERROR;
				CLANG_WARN_DOCUMENTATION_COMMENTS = YES;
				CLANG_WARN_EMPTY_BODY = YES;
				CLANG_WARN_ENUM_CONVERSION = YES;
				CLANG_WARN_INFINITE_RECURSION = YES;
				CLANG_WARN_INT_CONVERSION = YES;
				CLANG_WARN_NON_LITERAL_NULL_CONVERSION = YES;
				CLANG_WARN_OBJC_IMPLICIT_RETAIN_SELF = YES;
				CLANG_WARN_OBJC_LITERAL_CONVERSION = YES;
				CLANG_WARN_OBJC_ROOT_CLASS = YES_ERROR;
				CLANG_WARN_QUOTED_INCLUDE_IN_FRAMEWORK_HEADER = YES;
				CLANG_WARN_RANGE_LOOP_ANALYSIS = YES;
				CLANG_WARN_STRICT_PROTOTYPES = YES;
				CLANG_WARN_SUSPICIOUS_MOVE = YES;
				CLANG_WARN_UNGUARDED_AVAILABILITY = YES_AGGRESSIVE;
				CLANG_WARN_UNREACHABLE_CODE = YES;
				CLANG_WARN__DUPLICATE_METHOD_MATCH = YES;
				COPY_PHASE_STRIP = NO;
				DEBUG_INFORMATION_FORMAT = "dwarf-with-dsym";
				ENABLE_NS_ASSERTIONS = NO;
				ENABLE_STRICT_OBJC_MSGSEND = YES;
				ENABLE_USER_SCRIPT_SANDBOXING = YES;
				GCC_C_LANGUAGE_STANDARD = gnu17;
				GCC_NO_COMMON_BLOCKS = YES;
				GCC_WARN_64_TO_32_BIT_CONVERSION = YES;
				GCC_WARN_ABOUT_RETURN_TYPE = YES_ERROR;
				GCC_WARN_UNDECLARED_SELECTOR = YES;
				GCC_WARN_UNINITIALIZED_AUTOS = YES_AGGRESSIVE;
				GCC_WARN_UNUSED_FUNCTION = YES;
				GCC_WARN_UNUSED_VARIABLE = YES;
				IPHONEOS_DEPLOYMENT_TARGET = 17.2;
				LOCALIZATION_PREFERS_STRING_CATALOGS = YES;
				MTL_ENABLE_DEBUG_INFO = NO;
				MTL_FAST_MATH = YES;
				SDKROOT = iphoneos;
				SWIFT_COMPILATION_MODE = wholemodule;
				VALIDATE_PRODUCT = YES;
			};
			name = Release;
		};
		BDEE92C22B9B0BF20048271C /* Debug */ = {
			isa = XCBuildConfiguration;
			buildSettings = {
				ASSETCATALOG_COMPILER_APPICON_NAME = AppIcon;
				ASSETCATALOG_COMPILER_GLOBAL_ACCENT_COLOR_NAME = AccentColor;
				CODE_SIGN_STYLE = Automatic;
				CURRENT_PROJECT_VERSION = 1;
				GENERATE_INFOPLIST_FILE = YES;
				INFOPLIST_FILE = "discoveriesTask-Priyanshu/Info.plist";
				INFOPLIST_KEY_UIApplicationSupportsIndirectInputEvents = YES;
				INFOPLIST_KEY_UILaunchStoryboardName = LaunchScreen;
				INFOPLIST_KEY_UIMainStoryboardFile = Main;
				INFOPLIST_KEY_UISupportedInterfaceOrientations_iPad = "UIInterfaceOrientationPortrait UIInterfaceOrientationPortraitUpsideDown UIInterfaceOrientationLandscapeLeft UIInterfaceOrientationLandscapeRight";
				INFOPLIST_KEY_UISupportedInterfaceOrientations_iPhone = "UIInterfaceOrientationPortrait UIInterfaceOrientationLandscapeLeft UIInterfaceOrientationLandscapeRight";
				LD_RUNPATH_SEARCH_PATHS = (
					"$(inherited)",
					"@executable_path/Frameworks",
				);
				MARKETING_VERSION = 1.0;
				PRODUCT_BUNDLE_IDENTIFIER = "com.priyanshutask.discoveriesTask-Priyanshu";
				PRODUCT_NAME = "$(TARGET_NAME)";
				SWIFT_EMIT_LOC_STRINGS = YES;
				SWIFT_VERSION = 5.0;
				TARGETED_DEVICE_FAMILY = "1,2";
			};
			name = Debug;
		};
		BDEE92C32B9B0BF20048271C /* Release */ = {
			isa = XCBuildConfiguration;
			buildSettings = {
				ASSETCATALOG_COMPILER_APPICON_NAME = AppIcon;
				ASSETCATALOG_COMPILER_GLOBAL_ACCENT_COLOR_NAME = AccentColor;
				CODE_SIGN_STYLE = Automatic;
				CURRENT_PROJECT_VERSION = 1;
				GENERATE_INFOPLIST_FILE = YES;
				INFOPLIST_FILE = "discoveriesTask-Priyanshu/Info.plist";
				INFOPLIST_KEY_UIApplicationSupportsIndirectInputEvents = YES;
				INFOPLIST_KEY_UILaunchStoryboardName = LaunchScreen;
				INFOPLIST_KEY_UIMainStoryboardFile = Main;
				INFOPLIST_KEY_UISupportedInterfaceOrientations_iPad = "UIInterfaceOrientationPortrait UIInterfaceOrientationPortraitUpsideDown UIInterfaceOrientationLandscapeLeft UIInterfaceOrientationLandscapeRight";
				INFOPLIST_KEY_UISupportedInterfaceOrientations_iPhone = "UIInterfaceOrientationPortrait UIInterfaceOrientationLandscapeLeft UIInterfaceOrientationLandscapeRight";
				LD_RUNPATH_SEARCH_PATHS = (
					"$(inherited)",
					"@executable_path/Frameworks",
				);
				MARKETING_VERSION = 1.0;
				PRODUCT_BUNDLE_IDENTIFIER = "com.priyanshutask.discoveriesTask-Priyanshu";
				PRODUCT_NAME = "$(TARGET_NAME)";
				SWIFT_EMIT_LOC_STRINGS = YES;
				SWIFT_VERSION = 5.0;
				TARGETED_DEVICE_FAMILY = "1,2";
			};
			name = Release;
		};
/* End XCBuildConfiguration section */

/* Begin XCConfigurationList section */
		BDEE92A82B9B0BF10048271C /* Build configuration list for PBXProject "discoveriesTask-Priyanshu" */ = {
			isa = XCConfigurationList;
			buildConfigurations = (
				BDEE92BF2B9B0BF20048271C /* Debug */,
				BDEE92C02B9B0BF20048271C /* Release */,
			);
			defaultConfigurationIsVisible = 0;
			defaultConfigurationName = Release;
		};
		BDEE92C12B9B0BF20048271C /* Build configuration list for PBXNativeTarget "discoveriesTask-Priyanshu" */ = {
			isa = XCConfigurationList;
			buildConfigurations = (
				BDEE92C22B9B0BF20048271C /* Debug */,
				BDEE92C32B9B0BF20048271C /* Release */,
			);
			defaultConfigurationIsVisible = 0;
			defaultConfigurationName = Release;
		};
/* End XCConfigurationList section */
	};
	rootObject = BDEE92A52B9B0BF10048271C /* Project object */;
}
