// !$*UTF8*$!
{
	archiveVersion = 1;
	classes = {
	};
	objectVersion = 56;
	objects = {

/* Begin PBXBuildFile section */
		BDEE92B12B9B0BF10048271C /* AppDelegate.swift in Sources */ = {isa = PBXBuildFile; fileRef = BDEE92B02B9B0BF10048271C /* AppDelegate.swift */; };
		BDEE92B32B9B0BF10048271C /* SceneDelegate.swift in Sources */ = {isa = PBXBuildFile; fileRef = BDEE92B22B9B0BF10048271C /* SceneDelegate.swift */; };
		BDEE92B52B9B0BF10048271C /* ViewController.swift in Sources */ = {isa = PBXBuildFile; fileRef = BDEE92B42B9B0BF10048271C /* ViewController.swift */; };
		BDEE92B82B9B0BF10048271C /* Main.storyboard in Resources */ = {isa = PBXBuildFile; fileRef = BDEE92B62B9B0BF10048271C /* Main.storyboard */; };
		BDEE92BA2B9B0BF20048271C /* Assets.xcassets in Resources */ = {isa = PBXBuildFile; fileRef = BDEE92B92B9B0BF20048271C /* Assets.xcassets */; };
		BDEE92BD2B9B0BF20048271C /* LaunchScreen.storyboard in Resources */ = {isa = PBXBuildFile; fileRef = BDEE92BB2B9B0BF20048271C /* LaunchScreen.storyboard */; };
		BDEE92C72B9B0DD00048271C /* Londrina_Solid in Resources */ = {isa = PBXBuildFile; fileRef = BDEE92C62B9B0DD00048271C /* Londrina_Solid */; };
		BDEE92C92B9B0EB90048271C /* metropolis in Resources */ = {isa = PBXBuildFile; fileRef = BDEE92C82B9B0EB90048271C /* metropolis */; };
		BDEE92D12B9B1DD40048271C /* CustomCellTableViewCell.swift in Sources */ = {isa = PBXBuildFile; fileRef = BDEE92CF2B9B1DD40048271C /* CustomCellTableViewCell.swift */; };
		BDEE92D22B9B1DD40048271C /* CustomCellTableViewCell.xib in Resources */ = {isa = PBXBuildFile; fileRef = BDEE92D02B9B1DD40048271C /* CustomCellTableViewCell.xib */; };
		BDEE92D62B9B25690048271C /* Model.swift in Sources */ = {isa = PBXBuildFile; fileRef = BDEE92D52B9B25690048271C /* Model.swift */; };
		BDEE92D82B9B26080048271C /* dummyData.json in Resources */ = {isa = PBXBuildFile; fileRef = BDEE92D72B9B26080048271C /* dummyData.json */; };
		BDEE92DC2B9B42950048271C /* MiniPlayerView.xib in Resources */ = {isa = PBXBuildFile; fileRef = BDEE92DB2B9B42950048271C /* MiniPlayerView.xib */; };
/* End PBXBuildFile section */

/* Begin PBXFileReference section */
		BDEE92AD2B9B0BF10048271C /* discoveriesTask-Priyanshu.app */ = {isa = PBXFileReference; explicitFileType = wrapper.application; includeInIndex = 0; path = "discoveriesTask-Priyanshu.app"; sourceTree = BUILT_PRODUCTS_DIR; };
		BDEE92B02B9B0BF10048271C /* AppDelegate.swift */ = {isa = PBXFileReference; lastKnownFileType = sourcecode.swift; path = AppDelegate.swift; sourceTree = "<group>"; };
		BDEE92B22B9B0BF10048271C /* SceneDelegate.swift */ = {isa = PBXFileReference; lastKnownFileType = sourcecode.swift; path = SceneDelegate.swift; sourceTree = "<group>"; };
		BDEE92B42B9B0BF10048271C /* ViewController.swift */ = {isa = PBXFileReference; lastKnownFileType = sourcecode.swift; path = ViewController.swift; sourceTree = "<group>"; };
		BDEE92B72B9B0BF10048271C /* Base */ = {isa = PBXFileReference; lastKnownFileType = file.storyboard; name = Base; path = Base.lproj/Main.storyboard; sourceTree = "<group>"; };
		BDEE92B92B9B0BF20048271C /* Assets.xcassets */ = {isa = PBXFileReference; lastKnownFileType = folder.assetcatalog; path = Assets.xcassets; sourceTree = "<group>"; };
		BDEE92BC2B9B0BF20048271C /* Base */ = {isa = PBXFileReference; lastKnownFileType = file.storyboard; name = Base; path = Base.lproj/LaunchScreen.storyboard; sourceTree = "<group>"; };
		BDEE92BE2B9B0BF20048271C /* Info.plist */ = {isa = PBXFileReference; lastKnownFileType = text.plist.xml; path = Info.plist; sourceTree = "<group>"; };
		BDEE92C62B9B0DD00048271C /* Londrina_Solid */ = {isa = PBXFileReference; lastKnownFileType = folder; path = Londrina_Solid; sourceTree = "<group>"; };
		BDEE92C82B9B0EB90048271C /* metropolis */ = {isa = PBXFileReference; lastKnownFileType = folder; path = metropolis; sourceTree = "<group>"; };
		BDEE92CF2B9B1DD40048271C /* CustomCellTableViewCell.swift */ = {isa = PBXFileReference; lastKnownFileType = sourcecode.swift; path = CustomCellTableViewCell.swift; sourceTree = "<group>"; };
		BDEE92D02B9B1DD40048271C /* CustomCellTableViewCell.xib */ = {isa = PBXFileReference; lastKnownFileType = file.xib; path = CustomCellTableViewCell.xib; sourceTree = "<group>"; };
		BDEE92D52B9B25690048271C /* Model.swift */ = {isa = PBXFileReference; lastKnownFileType = sourcecode.swift; path = Model.swift; sourceTree = "<group>"; };
		BDEE92D72B9B26080048271C /* dummyData.json */ = {isa = PBXFileReference; lastKnownFileType = text.json; path = dummyData.json; sourceTree = "<group>"; };
		BDEE92DB2B9B42950048271C /* MiniPlayerView.xib */ = {isa = PBXFileReference; lastKnownFileType = file.xib; path = MiniPlayerView.xib; sourceTree = "<group>"; };
/* End PBXFileReference section */

/* Begin PBXFrameworksBuildPhase section */
		BDEE92AA2B9B0BF10048271C /* Frameworks */ = {
			isa = PBXFrameworksBuildPhase;
			buildActionMask = 2147483647;
			files = (
			);
			runOnlyForDeploymentPostprocessing = 0;
		};
/* End PBXFrameworksBuildPhase section */

/* Begin PBXGroup section */
		BDEE92A42B9B0BF10048271C = {
			isa = PBXGroup;
			children = (
				BDEE92AF2B9B0BF10048271C /* discoveriesTask-Priyanshu */,
				BDEE92AE2B9B0BF10048271C /* Products */,
			);
			sourceTree = "<group>";
		};
		BDEE92AE2B9B0BF10048271C /* Products */ = {
			isa = PBXGroup;
			children = (
				BDEE92AD2B9B0BF10048271C /* discoveriesTask-Priyanshu.app */,
			);
			name = Products;
			sourceTree = "<group>";
		};
		BDEE92AF2B9B0BF10048271C /* discoveriesTask-Priyanshu */ = {
			isa = PBXGroup;
			children = (
				BDEE92D32B9B25500048271C /* Models */,
				BDEE92CA2B9B1D7F0048271C /* Custom Cell */,
				BDEE92C42B9B0DB40048271C /* Resources */,
				BDEE92B02B9B0BF10048271C /* AppDelegate.swift */,
				BDEE92B22B9B0BF10048271C /* SceneDelegate.swift */,
				BDEE92B42B9B0BF10048271C /* ViewController.swift */,
				BDEE92B62B9B0BF10048271C /* Main.storyboard */,
				BDEE92B92B9B0BF20048271C /* Assets.xcassets */,
				BDEE92BB2B9B0BF20048271C /* LaunchScreen.storyboard */,
				BDEE92BE2B9B0BF20048271C /* Info.plist */,
			);
			path = "discoveriesTask-Priyanshu";
			sourceTree = "<group>";
		};
		BDEE92C42B9B0DB40048271C /* Resources */ = {
			isa = PBXGroup;
			children = (
				BDEE92C52B9B0DC00048271C /* Fonts */,
			);
			path = Resources;
			sourceTree = "<group>";
		};
		BDEE92C52B9B0DC00048271C /* Fonts */ = {
			isa = PBXGroup;
			children = (
				BDEE92C82B9B0EB90048271C /* metropolis */,
				BDEE92C62B9B0DD00048271C /* Londrina_Solid */,
			);
			path = Fonts;
			sourceTree = "<group>";
		};
		BDEE92CA2B9B1D7F0048271C /* Custom Cell */ = {
			isa = PBXGroup;
			children = (
				BDEE92CF2B9B1DD40048271C /* CustomCellTableViewCell.swift */,
				BDEE92D02B9B1DD40048271C /* CustomCellTableViewCell.xib */,
				BDEE92DB2B9B42950048271C /* MiniPlayerView.xib */,
			);
			path = "Custom Cell";
			sourceTree = "<group>";
		};
		BDEE92D32B9B25500048271C /* Models */ = {
			isa = PBXGroup;
			children = (
				BDEE92D52B9B25690048271C /* Model.swift */,
				BDEE92D72B9B26080048271C /* dummyData.json */,
			);
			path = Models;
			sourceTree = "<group>";
		};
/* End PBXGroup section */

/* Begin PBXNativeTarget section */
		BDEE92AC2B9B0BF10048271C /* discoveriesTask-Priyanshu */ = {
			isa = PBXNativeTarget;
			buildConfigurationList = BDEE92C12B9B0BF20048271C /* Build configuration list for PBXNativeTarget "discoveriesTask-Priyanshu" */;
			buildPhases = (
				BDEE92A92B9B0BF10048271C /* Sources */,
				BDEE92AA2B9B0BF10048271C /* Frameworks */,
				BDEE92AB2B9B0BF10048271C /* Resources */,
			);
			buildRules = (
			);
			dependencies = (
			);
			name = "discoveriesTask-Priyanshu";
			productName = "discoveriesTask-Priyanshu";
			productReference = BDEE92AD2B9B0BF10048271C /* discoveriesTask-Priyanshu.app */;
			productType = "com.apple.product-type.application";
		};
/* End PBXNativeTarget section */

/* Begin PBXProject section */
		BDEE92A52B9B0BF10048271C /* Project object */ = {
			isa = PBXProject;
			attributes = {
				BuildIndependentTargetsInParallel = 1;
				LastSwiftUpdateCheck = 1520;
				LastUpgradeCheck = 1520;
				TargetAttributes = {
					BDEE92AC2B9B0BF10048271C = {
						CreatedOnToolsVersion = 15.2;
					};
				};
			};
			buildConfigurationList = BDEE92A82B9B0BF10048271C /* Build configuration list for PBXProject "discoveriesTask-Priyanshu" */;
			compatibilityVersion = "Xcode 14.0";
			developmentRegion = en;
			hasScannedForEncodings = 0;
			knownRegions = (
				en,
				Base,
			);
			mainGroup = BDEE92A42B9B0BF10048271C;
			productRefGroup = BDEE92AE2B9B0BF10048271C /* Products */;
			projectDirPath = "";
			projectRoot = "";
			targets = (
				BDEE92AC2B9B0BF10048271C /* discoveriesTask-Priyanshu */,
			);
		};
/* End PBXProject section */

/* Begin PBXResourcesBuildPhase section */
		BDEE92AB2B9B0BF10048271C /* Resources */ = {
			isa = PBXResourcesBuildPhase;
			buildActionMask = 2147483647;
			files = (
				BDEE92DC2B9B42950048271C /* MiniPlayerView.xib in Resources */,
				BDEE92D22B9B1DD40048271C /* CustomCellTableViewCell.xib in Resources */,
				BDEE92C92B9B0EB90048271C /* metropolis in Resources */,
				BDEE92BD2B9B0BF20048271C /* LaunchScreen.storyboard in Resources */,
				BDEE92BA2B9B0BF20048271C /* Assets.xcassets in Resources */,
				BDEE92B82B9B0BF10048271C /* Main.storyboard in Resources */,
				BDEE92C72B9B0DD00048271C /* Londrina_Solid in Resources */,
				BDEE92D82B9B26080048271C /* dummyData.json in Resources */,
			);
			runOnlyForDeploymentPostprocessing = 0;
		};
/* End PBXResourcesBuildPhase section */

/* Begin PBXSourcesBuildPhase section */
		BDEE92A92B9B0BF10048271C /* Sources */ = {
			isa = PBXSourcesBuildPhase;
			buildActionMask = 2147483647;
			files = (
				BDEE92D62B9B25690048271C /* Model.swift in Sources */,
				BDEE92B52B9B0BF10048271C /* ViewController.swift in Sources */,
				BDEE92B12B9B0BF10048271C /* AppDelegate.swift in Sources */,
				BDEE92D12B9B1DD40048271C /* CustomCellTableViewCell.swift in Sources */,
				BDEE92B32B9B0BF10048271C /* SceneDelegate.swift in Sources */,
			);
			runOnlyForDeploymentPostprocessing = 0;
		};
/* End PBXSourcesBuildPhase section */

/* Begin PBXVariantGroup section */
		BDEE92B62B9B0BF10048271C /* Main.storyboard */ = {
			isa = PBXVariantGroup;
			children = (
				BDEE92B72B9B0BF10048271C /* Base */,
			);
			name = Main.storyboard;
			sourceTree = "<group>";
		};
		BDEE92BB2B9B0BF20048271C /* LaunchScreen.storyboard */ = {
			isa = PBXVariantGroup;
			children = (
				BDEE92BC2B9B0BF20048271C /* Base */,
			);
			name = LaunchScreen.storyboard;
			sourceTree = "<group>";
		};
/* End PBXVariantGroup section */

/* Begin XCBuildConfiguration section */
		BDEE92BF2B9B0BF20048271C /* Debug */ = {
			isa = XCBuildConfiguration;
			buildSettings = {
				ALWAYS_SEARCH_USER_PATHS = NO;
				ASSETCATALOG_COMPILER_GENERATE_SWIFT_ASSET_SYMBOL_EXTENSIONS = YES;
				CLANG_ANALYZER_NONNULL = YES;
				CLANG_ANALYZER_NUMBER_OBJECT_CONVERSION = YES_AGGRESSIVE;
				CLANG_CXX_LANGUAGE_STANDARD = "gnu++20";
				CLANG_ENABLE_MODULES = YES;
				CLANG_ENABLE_OBJC_ARC = YES;
				CLANG_ENABLE_OBJC_WEAK = YES;
				CLANG_WARN_BLOCK_CAPTURE_AUTORELEASING = YES;
				CLANG_WARN_BOOL_CONVERSION = YES;
				CLANG_WARN_COMMA = YES;
				CLANG_WARN_CONSTANT_CONVERSION = YES;
				CLANG_WARN_DEPRECATED_OBJC_IMPLEMENTATIONS = YES;
				CLANG_WARN_DIRECT_OBJC_ISA_USAGE = YES_ERROR;
				CLANG_WARN_DOCUMENTATION_COMMENTS = YES;
				CLANG_WARN_EMPTY_BODY = YES;
				CLANG_WARN_ENUM_CONVERSION = YES;
				CLANG_WARN_INFINITE_RECURSION = YES;
				CLANG_WARN_INT_CONVERSION = YES;
				CLANG_WARN_NON_LITERAL_NULL_CONVERSION = YES;
				CLANG_WARN_OBJC_IMPLICIT_RETAIN_SELF = YES;
				CLANG_WARN_OBJC_LITERAL_CONVERSION = YES;
				CLANG_WARN_OBJC_ROOT_CLASS = YES_ERROR;
				CLANG_WARN_QUOTED_INCLUDE_IN_FRAMEWORK_HEADER = YES;
				CLANG_WARN_RANGE_LOOP_ANALYSIS = YES;
				CLANG_WARN_STRICT_PROTOTYPES = YES;
				CLANG_WARN_SUSPICIOUS_MOVE = YES;
				CLANG_WARN_UNGUARDED_AVAILABILITY = YES_AGGRESSIVE;
				CLANG_WARN_UNREACHABLE_CODE = YES;
				CLANG_WARN__DUPLICATE_METHOD_MATCH = YES;
				COPY_PHASE_STRIP = NO;
				DEBUG_INFORMATION_FORMAT = dwarf;
				ENABLE_STRICT_OBJC_MSGSEND = YES;
				ENABLE_TESTABILITY = YES;
				ENABLE_USER_SCRIPT_SANDBOXING = YES;
				GCC_C_LANGUAGE_STANDARD = gnu17;
				GCC_DYNAMIC_NO_PIC = NO;
				GCC_NO_COMMON_BLOCKS = YES;
				GCC_OPTIMIZATION_LEVEL = 0;
				GCC_PREPROCESSOR_DEFINITIONS = (
					"DEBUG=1",
					"$(inherited)",
				);
				GCC_WARN_64_TO_32_BIT_CONVERSION = YES;
				GCC_WARN_ABOUT_RETURN_TYPE = YES_ERROR;
				GCC_WARN_UNDECLARED_SELECTOR = YES;
				GCC_WARN_UNINITIALIZED_AUTOS = YES_AGGRESSIVE;
				GCC_WARN_UNUSED_FUNCTION = YES;
				GCC_WARN_UNUSED_VARIABLE = YES;
				IPHONEOS_DEPLOYMENT_TARGET = 17.2;
				LOCALIZATION_PREFERS_STRING_CATALOGS = YES;
				MTL_ENABLE_DEBUG_INFO = INCLUDE_SOURCE;
				MTL_FAST_MATH = YES;
				ONLY_ACTIVE_ARCH = YES;
				SDKROOT = iphoneos;
				SWIFT_ACTIVE_COMPILATION_CONDITIONS = "DEBUG $(inherited)";
				SWIFT_OPTIMIZATION_LEVEL = "-Onone";
			};
			name = Debug;
		};
		BDEE92C02B9B0BF20048271C /* Release */ = {
			isa = XCBuildConfiguration;
			buildSettings = {
				ALWAYS_SEARCH_USER_PATHS = NO;
				ASSETCATALOG_COMPILER_GENERATE_SWIFT_ASSET_SYMBOL_EXTENSIONS = YES;
				CLANG_ANALYZER_NONNULL = YES;
				CLANG_ANALYZER_NUMBER_OBJECT_CONVERSION = YES_AGGRESSIVE;
				CLANG_CXX_LANGUAGE_STANDARD = "gnu++20";
				CLANG_ENABLE_MODULES = YES;
				CLANG_ENABLE_OBJC_ARC = YES;
				CLANG_ENABLE_OBJC_WEAK = YES;
				CLANG_WARN_BLOCK_CAPTURE_AUTORELEASING = YES;
				CLANG_WARN_BOOL_CONVERSION = YES;
				CLANG_WARN_COMMA = YES;
				CLANG_WARN_CONSTANT_CONVERSION = YES;
				CLANG_WARN_DEPRECATED_OBJC_IMPLEMENTATIONS = YES;
				CLANG_WARN_DIRECT_OBJC_ISA_USAGE = YES_ERROR;
				CLANG_WARN_DOCUMENTATION_COMMENTS = YES;
				CLANG_WARN_EMPTY_BODY = YES;
				CLANG_WARN_ENUM_CONVERSION = YES;
				CLANG_WARN_INFINITE_RECURSION = YES;
				CLANG_WARN_INT_CONVERSION = YES;
				CLANG_WARN_NON_LITERAL_NULL_CONVERSION = YES;
				CLANG_WARN_OBJC_IMPLICIT_RETAIN_SELF = YES;
				CLANG_WARN_OBJC_LITERAL_CONVERSION = YES;
				CLANG_WARN_OBJC_ROOT_CLASS = YES_ERROR;
				CLANG_WARN_QUOTED_INCLUDE_IN_FRAMEWORK_HEADER = YES;
				CLANG_WARN_RANGE_LOOP_ANALYSIS = YES;
				CLANG_WARN_STRICT_PROTOTYPES = YES;
				CLANG_WARN_SUSPICIOUS_MOVE = YES;
				CLANG_WARN_UNGUARDED_AVAILABILITY = YES_AGGRESSIVE;
				CLANG_WARN_UNREACHABLE_CODE = YES;
				CLANG_WARN__DUPLICATE_METHOD_MATCH = YES;
				COPY_PHASE_STRIP = NO;
				DEBUG_INFORMATION_FORMAT = "dwarf-with-dsym";
				ENABLE_NS_ASSERTIONS = NO;
				ENABLE_STRICT_OBJC_MSGSEND = YES;
				ENABLE_USER_SCRIPT_SANDBOXING = YES;
				GCC_C_LANGUAGE_STANDARD = gnu17;
				GCC_NO_COMMON_BLOCKS = YES;
				GCC_WARN_64_TO_32_BIT_CONVERSION = YES;
				GCC_WARN_ABOUT_RETURN_TYPE = YES_ERROR;
				GCC_WARN_UNDECLARED_SELECTOR = YES;
				GCC_WARN_UNINITIALIZED_AUTOS = YES_AGGRESSIVE;
				GCC_WARN_UNUSED_FUNCTION = YES;
				GCC_WARN_UNUSED_VARIABLE = YES;
				IPHONEOS_DEPLOYMENT_TARGET = 17.2;
				LOCALIZATION_PREFERS_STRING_CATALOGS = YES;
				MTL_ENABLE_DEBUG_INFO = NO;
				MTL_FAST_MATH = YES;
				SDKROOT = iphoneos;
				SWIFT_COMPILATION_MODE = wholemodule;
				VALIDATE_PRODUCT = YES;
			};
			name = Release;
		};
		BDEE92C22B9B0BF20048271C /* Debug */ = {
			isa = XCBuildConfiguration;
			buildSettings = {
				ASSETCATALOG_COMPILER_APPICON_NAME = AppIcon;
				ASSETCATALOG_COMPILER_GLOBAL_ACCENT_COLOR_NAME = AccentColor;
				CODE_SIGN_STYLE = Automatic;
				CURRENT_PROJECT_VERSION = 1;
				GENERATE_INFOPLIST_FILE = YES;
				INFOPLIST_FILE = "discoveriesTask-Priyanshu/Info.plist";
				INFOPLIST_KEY_UIApplicationSupportsIndirectInputEvents = YES;
				INFOPLIST_KEY_UILaunchStoryboardName = LaunchScreen;
				INFOPLIST_KEY_UIMainStoryboardFile = Main;
				INFOPLIST_KEY_UISupportedInterfaceOrientations_iPad = "UIInterfaceOrientationPortrait UIInterfaceOrientationPortraitUpsideDown UIInterfaceOrientationLandscapeLeft UIInterfaceOrientationLandscapeRight";
				INFOPLIST_KEY_UISupportedInterfaceOrientations_iPhone = "UIInterfaceOrientationPortrait UIInterfaceOrientationLandscapeLeft UIInterfaceOrientationLandscapeRight";
				LD_RUNPATH_SEARCH_PATHS = (
					"$(inherited)",
					"@executable_path/Frameworks",
				);
				MARKETING_VERSION = 1.0;
				PRODUCT_BUNDLE_IDENTIFIER = "com.priyanshutask.discoveriesTask-Priyanshu";
				PRODUCT_NAME = "$(TARGET_NAME)";
				SWIFT_EMIT_LOC_STRINGS = YES;
				SWIFT_VERSION = 5.0;
				TARGETED_DEVICE_FAMILY = "1,2";
			};
			name = Debug;
		};
		BDEE92C32B9B0BF20048271C /* Release */ = {
			isa = XCBuildConfiguration;
			buildSettings = {
				ASSETCATALOG_COMPILER_APPICON_NAME = AppIcon;
				ASSETCATALOG_COMPILER_GLOBAL_ACCENT_COLOR_NAME = AccentColor;
				CODE_SIGN_STYLE = Automatic;
				CURRENT_PROJECT_VERSION = 1;
				GENERATE_INFOPLIST_FILE = YES;
				INFOPLIST_FILE = "discoveriesTask-Priyanshu/Info.plist";
				INFOPLIST_KEY_UIApplicationSupportsIndirectInputEvents = YES;
				INFOPLIST_KEY_UILaunchStoryboardName = LaunchScreen;
				INFOPLIST_KEY_UIMainStoryboardFile = Main;
				INFOPLIST_KEY_UISupportedInterfaceOrientations_iPad = "UIInterfaceOrientationPortrait UIInterfaceOrientationPortraitUpsideDown UIInterfaceOrientationLandscapeLeft UIInterfaceOrientationLandscapeRight";
				INFOPLIST_KEY_UISupportedInterfaceOrientations_iPhone = "UIInterfaceOrientationPortrait UIInterfaceOrientationLandscapeLeft UIInterfaceOrientationLandscapeRight";
				LD_RUNPATH_SEARCH_PATHS = (
					"$(inherited)",
					"@executable_path/Frameworks",
				);
				MARKETING_VERSION = 1.0;
				PRODUCT_BUNDLE_IDENTIFIER = "com.priyanshutask.discoveriesTask-Priyanshu";
				PRODUCT_NAME = "$(TARGET_NAME)";
				SWIFT_EMIT_LOC_STRINGS = YES;
				SWIFT_VERSION = 5.0;
				TARGETED_DEVICE_FAMILY = "1,2";
			};
			name = Release;
		};
/* End XCBuildConfiguration section */

/* Begin XCConfigurationList section */
		BDEE92A82B9B0BF10048271C /* Build configuration list for PBXProject "discoveriesTask-Priyanshu" */ = {
			isa = XCConfigurationList;
			buildConfigurations = (
				BDEE92BF2B9B0BF20048271C /* Debug */,
				BDEE92C02B9B0BF20048271C /* Release */,
			);
			defaultConfigurationIsVisible = 0;
			defaultConfigurationName = Release;
		};
		BDEE92C12B9B0BF20048271C /* Build configuration list for PBXNativeTarget "discoveriesTask-Priyanshu" */ = {
			isa = XCConfigurationList;
			buildConfigurations = (
				BDEE92C22B9B0BF20048271C /* Debug */,
				BDEE92C32B9B0BF20048271C /* Release */,
			);
			defaultConfigurationIsVisible = 0;
			defaultConfigurationName = Release;
		};
/* End XCConfigurationList section */
	};
	rootObject = BDEE92A52B9B0BF10048271C /* Project object */;
}
